
Microsoft Visual Studio Solution File, Format Version 12.00
# Visual Studio Version 17
VisualStudioVersion = 17.8.34330.188
MinimumVisualStudioVersion = 10.0.40219.1
Project("{F184B08F-C81C-45F6-A57F-5ABD9991F28F}") = "project", "project.vbproj", "{0CB1431E-08B9-4095-A4EA-C376E4F0FF71}"
EndProject
Global
	GlobalSection(SolutionConfigurationPlatforms) = preSolution
		Debug|Any CPU = Debug|Any CPU
		Release|Any CPU = Release|Any CPU
	EndGlobalSection
	GlobalSection(ProjectConfigurationPlatforms) = postSolution
		{0CB1431E-08B9-4095-A4EA-C376E4F0FF71}.Debug|Any CPU.ActiveCfg = Debug|Any CPU
		{0CB1431E-08B9-4095-A4EA-C376E4F0FF71}.Debug|Any CPU.Build.0 = Debug|Any CPU
		{0CB1431E-08B9-4095-A4EA-C376E4F0FF71}.Release|Any CPU.ActiveCfg = Release|Any CPU
		{0CB1431E-08B9-4095-A4EA-C376E4F0FF71}.Release|Any CPU.Build.0 = Release|Any CPU
	EndGlobalSection
	GlobalSection(SolutionProperties) = preSolution
		HideSolutionNode = FALSE
	EndGlobalSection
	GlobalSection(ExtensibilityGlobals) = postSolution
		SolutionGuid = {22113B47-39FD-412D-B829-F9002966F280}
	EndGlobalSection
EndGlobal
