
Microsoft Visual Studio Solution File, Format Version 12.00
# Visual Studio Version 17
VisualStudioVersion = 17.8.34330.188
MinimumVisualStudioVersion = 10.0.40219.1
Project("{F184B08F-C81C-45F6-A57F-5ABD9991F28F}") = "Calculator", "Calculator.vbproj", "{AE2E7CF6-1543-4CB4-A6FA-3499DF0A2ABD}"
EndProject
Global
	GlobalSection(SolutionConfigurationPlatforms) = preSolution
		Debug|Any CPU = Debug|Any CPU
		Release|Any CPU = Release|Any CPU
	EndGlobalSection
	GlobalSection(ProjectConfigurationPlatforms) = postSolution
		{AE2E7CF6-1543-4CB4-A6FA-3499DF0A2ABD}.Debug|Any CPU.ActiveCfg = Debug|Any CPU
		{AE2E7CF6-1543-4CB4-A6FA-3499DF0A2ABD}.Debug|Any CPU.Build.0 = Debug|Any CPU
		{AE2E7CF6-1543-4CB4-A6FA-3499DF0A2ABD}.Release|Any CPU.ActiveCfg = Release|Any CPU
		{AE2E7CF6-1543-4CB4-A6FA-3499DF0A2ABD}.Release|Any CPU.Build.0 = Release|Any CPU
	EndGlobalSection
	GlobalSection(SolutionProperties) = preSolution
		HideSolutionNode = FALSE
	EndGlobalSection
	GlobalSection(ExtensibilityGlobals) = postSolution
		SolutionGuid = {67C900D4-80E0-44F6-8F2E-5F652883D808}
	EndGlobalSection
EndGlobal
